
Microsoft Visual Studio Solution File, Format Version 12.00
Project("{FAE04EC0-301F-11D3-BF4B-00C04F79EFBC}") = "CPM_Project", "CPM\CPM_Project.csproj", "{99A7D0B7-0BCD-44CB-B6CD-35DCAA2878A6}"
EndProject
Global
	GlobalSection(SolutionConfigurationPlatforms) = preSolution
		Debug|Any CPU = Debug|Any CPU
		Release|Any CPU = Release|Any CPU
	EndGlobalSection
	GlobalSection(ProjectConfigurationPlatforms) = postSolution
		{99A7D0B7-0BCD-44CB-B6CD-35DCAA2878A6}.Debug|Any CPU.ActiveCfg = Debug|Any CPU
		{99A7D0B7-0BCD-44CB-B6CD-35DCAA2878A6}.Debug|Any CPU.Build.0 = Debug|Any CPU
		{99A7D0B7-0BCD-44CB-B6CD-35DCAA2878A6}.Release|Any CPU.ActiveCfg = Release|Any CPU
		{99A7D0B7-0BCD-44CB-B6CD-35DCAA2878A6}.Release|Any CPU.Build.0 = Release|Any CPU
	EndGlobalSection
EndGlobal
